
Microsoft Visual Studio Solution File, Format Version 12.00
# Visual Studio Version 17
VisualStudioVersion = 17.3.32922.545
MinimumVisualStudioVersion = 10.0.40219.1
Project("{FAE04EC0-301F-11D3-BF4B-00C04F79EFBC}") = "laba3forms", "laba3forms.csproj", "{4496E0F8-5A9C-479B-92B2-D76E07DFEC47}"
EndProject
Global
	GlobalSection(SolutionConfigurationPlatforms) = preSolution
		Debug|Any CPU = Debug|Any CPU
		Release|Any CPU = Release|Any CPU
	EndGlobalSection
	GlobalSection(ProjectConfigurationPlatforms) = postSolution
		{4496E0F8-5A9C-479B-92B2-D76E07DFEC47}.Debug|Any CPU.ActiveCfg = Debug|Any CPU
		{4496E0F8-5A9C-479B-92B2-D76E07DFEC47}.Debug|Any CPU.Build.0 = Debug|Any CPU
		{4496E0F8-5A9C-479B-92B2-D76E07DFEC47}.Release|Any CPU.ActiveCfg = Release|Any CPU
		{4496E0F8-5A9C-479B-92B2-D76E07DFEC47}.Release|Any CPU.Build.0 = Release|Any CPU
	EndGlobalSection
	GlobalSection(SolutionProperties) = preSolution
		HideSolutionNode = FALSE
	EndGlobalSection
	GlobalSection(ExtensibilityGlobals) = postSolution
		SolutionGuid = {98722BF7-A59C-4FD4-9D51-447E9AEFE5F8}
	EndGlobalSection
EndGlobal
